
Microsoft Visual Studio Solution File, Format Version 12.00
# Visual Studio Version 17
VisualStudioVersion = 17.0.31903.59
MinimumVisualStudioVersion = 10.0.40219.1
Project("{2150E333-8FDC-42A3-9474-1A3956D46DE8}") = "src", "src", "{827E0CD3-B72D-47B6-A68D-7590B98EB39B}"
EndProject
Project("{FAE04EC0-301F-11D3-BF4B-00C04F79EFBC}") = "BookDog.Api", "src\BookDog.Api\BookDog.Api.csproj", "{953E2C63-6FA6-43A5-B6D1-947BACD4BE0F}"
EndProject
Project("{FAE04EC0-301F-11D3-BF4B-00C04F79EFBC}") = "BookDog.Application", "src\BookDog.Application\BookDog.Application.csproj", "{36F8A1EB-2E92-4A11-9CC1-DAFDD2B530FB}"
EndProject
Project("{FAE04EC0-301F-11D3-BF4B-00C04F79EFBC}") = "BookDog.Domain", "src\BookDog.Domain\BookDog.Domain.csproj", "{63BE0814-9F5C-468B-8B88-E911BA5E8C8F}"
EndProject
Project("{FAE04EC0-301F-11D3-BF4B-00C04F79EFBC}") = "BookDog.Infra", "src\BookDog.Infra\BookDog.Infra.csproj", "{D8BF2DFE-3B8B-4D54-AB60-84603E17362D}"
EndProject
Project("{2150E333-8FDC-42A3-9474-1A3956D46DE8}") = "tests", "tests", "{0AB3BF05-4346-4AA6-1389-037BE0695223}"
EndProject
Project("{FAE04EC0-301F-11D3-BF4B-00C04F79EFBC}") = "BookDog.UnitTests", "tests\BookDog.UnitTests\BookDog.UnitTests.csproj", "{2A2FA22B-299E-4D05-AF31-0A5CF77F6654}"
EndProject
Global
	GlobalSection(SolutionConfigurationPlatforms) = preSolution
		Debug|Any CPU = Debug|Any CPU
		Debug|x64 = Debug|x64
		Debug|x86 = Debug|x86
		Release|Any CPU = Release|Any CPU
		Release|x64 = Release|x64
		Release|x86 = Release|x86
	EndGlobalSection
	GlobalSection(ProjectConfigurationPlatforms) = postSolution
		{953E2C63-6FA6-43A5-B6D1-947BACD4BE0F}.Debug|Any CPU.ActiveCfg = Debug|Any CPU
		{953E2C63-6FA6-43A5-B6D1-947BACD4BE0F}.Debug|Any CPU.Build.0 = Debug|Any CPU
		{953E2C63-6FA6-43A5-B6D1-947BACD4BE0F}.Debug|x64.ActiveCfg = Debug|Any CPU
		{953E2C63-6FA6-43A5-B6D1-947BACD4BE0F}.Debug|x64.Build.0 = Debug|Any CPU
		{953E2C63-6FA6-43A5-B6D1-947BACD4BE0F}.Debug|x86.ActiveCfg = Debug|Any CPU
		{953E2C63-6FA6-43A5-B6D1-947BACD4BE0F}.Debug|x86.Build.0 = Debug|Any CPU
		{953E2C63-6FA6-43A5-B6D1-947BACD4BE0F}.Release|Any CPU.ActiveCfg = Release|Any CPU
		{953E2C63-6FA6-43A5-B6D1-947BACD4BE0F}.Release|Any CPU.Build.0 = Release|Any CPU
		{953E2C63-6FA6-43A5-B6D1-947BACD4BE0F}.Release|x64.ActiveCfg = Release|Any CPU
		{953E2C63-6FA6-43A5-B6D1-947BACD4BE0F}.Release|x64.Build.0 = Release|Any CPU
		{953E2C63-6FA6-43A5-B6D1-947BACD4BE0F}.Release|x86.ActiveCfg = Release|Any CPU
		{953E2C63-6FA6-43A5-B6D1-947BACD4BE0F}.Release|x86.Build.0 = Release|Any CPU
		{36F8A1EB-2E92-4A11-9CC1-DAFDD2B530FB}.Debug|Any CPU.ActiveCfg = Debug|Any CPU
		{36F8A1EB-2E92-4A11-9CC1-DAFDD2B530FB}.Debug|Any CPU.Build.0 = Debug|Any CPU
		{36F8A1EB-2E92-4A11-9CC1-DAFDD2B530FB}.Debug|x64.ActiveCfg = Debug|Any CPU
		{36F8A1EB-2E92-4A11-9CC1-DAFDD2B530FB}.Debug|x64.Build.0 = Debug|Any CPU
		{36F8A1EB-2E92-4A11-9CC1-DAFDD2B530FB}.Debug|x86.ActiveCfg = Debug|Any CPU
		{36F8A1EB-2E92-4A11-9CC1-DAFDD2B530FB}.Debug|x86.Build.0 = Debug|Any CPU
		{36F8A1EB-2E92-4A11-9CC1-DAFDD2B530FB}.Release|Any CPU.ActiveCfg = Release|Any CPU
		{36F8A1EB-2E92-4A11-9CC1-DAFDD2B530FB}.Release|Any CPU.Build.0 = Release|Any CPU
		{36F8A1EB-2E92-4A11-9CC1-DAFDD2B530FB}.Release|x64.ActiveCfg = Release|Any CPU
		{36F8A1EB-2E92-4A11-9CC1-DAFDD2B530FB}.Release|x64.Build.0 = Release|Any CPU
		{36F8A1EB-2E92-4A11-9CC1-DAFDD2B530FB}.Release|x86.ActiveCfg = Release|Any CPU
		{36F8A1EB-2E92-4A11-9CC1-DAFDD2B530FB}.Release|x86.Build.0 = Release|Any CPU
		{63BE0814-9F5C-468B-8B88-E911BA5E8C8F}.Debug|Any CPU.ActiveCfg = Debug|Any CPU
		{63BE0814-9F5C-468B-8B88-E911BA5E8C8F}.Debug|Any CPU.Build.0 = Debug|Any CPU
		{63BE0814-9F5C-468B-8B88-E911BA5E8C8F}.Debug|x64.ActiveCfg = Debug|Any CPU
		{63BE0814-9F5C-468B-8B88-E911BA5E8C8F}.Debug|x64.Build.0 = Debug|Any CPU
		{63BE0814-9F5C-468B-8B88-E911BA5E8C8F}.Debug|x86.ActiveCfg = Debug|Any CPU
		{63BE0814-9F5C-468B-8B88-E911BA5E8C8F}.Debug|x86.Build.0 = Debug|Any CPU
		{63BE0814-9F5C-468B-8B88-E911BA5E8C8F}.Release|Any CPU.ActiveCfg = Release|Any CPU
		{63BE0814-9F5C-468B-8B88-E911BA5E8C8F}.Release|Any CPU.Build.0 = Release|Any CPU
		{63BE0814-9F5C-468B-8B88-E911BA5E8C8F}.Release|x64.ActiveCfg = Release|Any CPU
		{63BE0814-9F5C-468B-8B88-E911BA5E8C8F}.Release|x64.Build.0 = Release|Any CPU
		{63BE0814-9F5C-468B-8B88-E911BA5E8C8F}.Release|x86.ActiveCfg = Release|Any CPU
		{63BE0814-9F5C-468B-8B88-E911BA5E8C8F}.Release|x86.Build.0 = Release|Any CPU
		{D8BF2DFE-3B8B-4D54-AB60-84603E17362D}.Debug|Any CPU.ActiveCfg = Debug|Any CPU
		{D8BF2DFE-3B8B-4D54-AB60-84603E17362D}.Debug|Any CPU.Build.0 = Debug|Any CPU
		{D8BF2DFE-3B8B-4D54-AB60-84603E17362D}.Debug|x64.ActiveCfg = Debug|Any CPU
		{D8BF2DFE-3B8B-4D54-AB60-84603E17362D}.Debug|x64.Build.0 = Debug|Any CPU
		{D8BF2DFE-3B8B-4D54-AB60-84603E17362D}.Debug|x86.ActiveCfg = Debug|Any CPU
		{D8BF2DFE-3B8B-4D54-AB60-84603E17362D}.Debug|x86.Build.0 = Debug|Any CPU
		{D8BF2DFE-3B8B-4D54-AB60-84603E17362D}.Release|Any CPU.ActiveCfg = Release|Any CPU
		{D8BF2DFE-3B8B-4D54-AB60-84603E17362D}.Release|Any CPU.Build.0 = Release|Any CPU
		{D8BF2DFE-3B8B-4D54-AB60-84603E17362D}.Release|x64.ActiveCfg = Release|Any CPU
		{D8BF2DFE-3B8B-4D54-AB60-84603E17362D}.Release|x64.Build.0 = Release|Any CPU
		{D8BF2DFE-3B8B-4D54-AB60-84603E17362D}.Release|x86.ActiveCfg = Release|Any CPU
		{D8BF2DFE-3B8B-4D54-AB60-84603E17362D}.Release|x86.Build.0 = Release|Any CPU
		{2A2FA22B-299E-4D05-AF31-0A5CF77F6654}.Debug|Any CPU.ActiveCfg = Debug|Any CPU
		{2A2FA22B-299E-4D05-AF31-0A5CF77F6654}.Debug|Any CPU.Build.0 = Debug|Any CPU
		{2A2FA22B-299E-4D05-AF31-0A5CF77F6654}.Debug|x64.ActiveCfg = Debug|Any CPU
		{2A2FA22B-299E-4D05-AF31-0A5CF77F6654}.Debug|x64.Build.0 = Debug|Any CPU
		{2A2FA22B-299E-4D05-AF31-0A5CF77F6654}.Debug|x86.ActiveCfg = Debug|Any CPU
		{2A2FA22B-299E-4D05-AF31-0A5CF77F6654}.Debug|x86.Build.0 = Debug|Any CPU
		{2A2FA22B-299E-4D05-AF31-0A5CF77F6654}.Release|Any CPU.ActiveCfg = Release|Any CPU
		{2A2FA22B-299E-4D05-AF31-0A5CF77F6654}.Release|Any CPU.Build.0 = Release|Any CPU
		{2A2FA22B-299E-4D05-AF31-0A5CF77F6654}.Release|x64.ActiveCfg = Release|Any CPU
		{2A2FA22B-299E-4D05-AF31-0A5CF77F6654}.Release|x64.Build.0 = Release|Any CPU
		{2A2FA22B-299E-4D05-AF31-0A5CF77F6654}.Release|x86.ActiveCfg = Release|Any CPU
		{2A2FA22B-299E-4D05-AF31-0A5CF77F6654}.Release|x86.Build.0 = Release|Any CPU
	EndGlobalSection
	GlobalSection(SolutionProperties) = preSolution
		HideSolutionNode = FALSE
	EndGlobalSection
	GlobalSection(NestedProjects) = preSolution
		{953E2C63-6FA6-43A5-B6D1-947BACD4BE0F} = {827E0CD3-B72D-47B6-A68D-7590B98EB39B}
		{36F8A1EB-2E92-4A11-9CC1-DAFDD2B530FB} = {827E0CD3-B72D-47B6-A68D-7590B98EB39B}
		{63BE0814-9F5C-468B-8B88-E911BA5E8C8F} = {827E0CD3-B72D-47B6-A68D-7590B98EB39B}
		{D8BF2DFE-3B8B-4D54-AB60-84603E17362D} = {827E0CD3-B72D-47B6-A68D-7590B98EB39B}
		{2A2FA22B-299E-4D05-AF31-0A5CF77F6654} = {0AB3BF05-4346-4AA6-1389-037BE0695223}
	EndGlobalSection
EndGlobal
